{
 "graph_lock": {
  "nodes": {
   "0": {
    "ref": "Libraries/None",
    "options": "brotli:shared=False\nbzip2:build_executable=True\nbzip2:shared=False\nflac:shared=False\nfreetype:shared=False\nfreetype:with_brotli=True\nfreetype:with_bzip2=True\nfreetype:with_png=True\nfreetype:with_zlib=True\nlibpng:api_prefix=\nlibpng:shared=False\nlibpng:sse=True\nogg:shared=False\nopenal:shared=False\nsfml:audio=True\nsfml:graphics=True\nsfml:network=True\nsfml:shared=False\nsfml:window=True\nstb:with_deprecated=True\nvorbis:shared=False\nzlib:shared=False",
    "requires": [
     "1"
    ],
    "path": "..\\scripts\\conanfile.py",
    "context": "host"
   },
   "1": {
    "ref": "sfml/2.5.1",
    "options": "audio=True\ngraphics=True\nnetwork=True\nshared=False\nwindow=True\nbrotli:shared=False\nbzip2:build_executable=True\nbzip2:shared=False\nflac:shared=False\nfreetype:shared=False\nfreetype:with_brotli=True\nfreetype:with_bzip2=True\nfreetype:with_png=True\nfreetype:with_zlib=True\nlibpng:api_prefix=\nlibpng:shared=False\nlibpng:sse=True\nogg:shared=False\nopenal:shared=False\nstb:with_deprecated=True\nvorbis:shared=False\nzlib:shared=False",
    "package_id": "803ff95d96189ce0810e5136ff84a3c65e912be3",
    "prev": "0",
    "requires": [
     "2",
     "3",
     "8",
     "9",
     "11",
     "12"
    ],
    "context": "host"
   },
   "2": {
    "ref": "opengl/system",
    "options": "",
    "package_id": "5ab84d6acfe1f23c4fae0ab88f26e3a396351ac9",
    "prev": "0",
    "context": "host"
   },
   "3": {
    "ref": "freetype/2.11.1",
    "options": "shared=False\nwith_brotli=True\nwith_bzip2=True\nwith_png=True\nwith_zlib=True\nbrotli:shared=False\nbzip2:build_executable=True\nbzip2:shared=False\nlibpng:api_prefix=\nlibpng:shared=False\nlibpng:sse=True\nzlib:shared=False",
    "package_id": "27b2733304cef577b19f699fec3a5bdbefb36d16",
    "prev": "0",
    "requires": [
     "4",
     "5",
     "6",
     "7"
    ],
    "context": "host"
   },
   "4": {
    "ref": "libpng/1.6.37",
    "options": "api_prefix=\nshared=False\nsse=True\nzlib:shared=False",
    "package_id": "ce650d9f1f1c1c0839cf0694a55c1351ddbed859",
    "prev": "0",
    "requires": [
     "5"
    ],
    "context": "host"
   },
   "5": {
    "ref": "zlib/1.2.11",
    "options": "shared=False",
    "package_id": "3fb49604f9c2f729b85ba3115852006824e72cab",
    "prev": "0",
    "context": "host"
   },
   "6": {
    "ref": "bzip2/1.0.8",
    "options": "build_executable=True\nshared=False",
    "package_id": "d16a91eadaaf5829b928b12d2f836ff7680d3df5",
    "prev": "0",
    "context": "host"
   },
   "7": {
    "ref": "brotli/1.0.9",
    "options": "shared=False",
    "package_id": "3fb49604f9c2f729b85ba3115852006824e72cab",
    "prev": "0",
    "context": "host"
   },
   "8": {
    "ref": "stb/cci.20210713",
    "options": "with_deprecated=True",
    "package_id": "5ab84d6acfe1f23c4fae0ab88f26e3a396351ac9",
    "prev": "0",
    "context": "host"
   },
   "9": {
    "ref": "flac/1.3.3",
    "options": "shared=False\nogg:shared=False",
    "package_id": "becff00909fb3d957c6b4ca60fa64d4e6a32a540",
    "prev": "0",
    "requires": [
     "10"
    ],
    "context": "host"
   },
   "10": {
    "ref": "ogg/1.3.4",
    "options": "shared=False",
    "package_id": "3fb49604f9c2f729b85ba3115852006824e72cab",
    "prev": "0",
    "context": "host"
   },
   "11": {
    "ref": "openal/1.21.1",
    "options": "shared=False",
    "package_id": "3fb49604f9c2f729b85ba3115852006824e72cab",
    "prev": "0",
    "context": "host"
   },
   "12": {
    "ref": "vorbis/1.3.7",
    "options": "shared=False\nogg:shared=False",
    "package_id": "becff00909fb3d957c6b4ca60fa64d4e6a32a540",
    "prev": "0",
    "requires": [
     "10"
    ],
    "context": "host"
   }
  },
  "revisions_enabled": false
 },
 "version": "0.4",
 "profile_host": "[settings]\narch=x86_64\narch_build=x86_64\nbuild_type=Release\ncompiler=Visual Studio\ncompiler.runtime=MD\ncompiler.version=16\nos=Windows\nos_build=Windows\n[options]\n[build_requires]\n[env]\n"
}